
Microsoft Visual Studio Solution File, Format Version 12.00
# Visual Studio 2013
VisualStudioVersion = 12.0.21005.1
MinimumVisualStudioVersion = 10.0.40219.1
Project("{FAE04EC0-301F-11D3-BF4B-00C04F79EFBC}") = "LightBus", "LightBus\LightBus.csproj", "{D594FE62-7C7E-4B34-817A-4A477819CF99}"
EndProject
Project("{FAE04EC0-301F-11D3-BF4B-00C04F79EFBC}") = "LightBus.Tests", "LightBus.Tests\LightBus.Tests.csproj", "{A0420760-E637-438D-A781-357151845735}"
EndProject
Project("{2150E333-8FDC-42A3-9474-1A3956D46DE8}") = ".nuget", ".nuget", "{B3C6181E-59CC-4A8E-B1BC-0E14B67829D2}"
	ProjectSection(SolutionItems) = preProject
		.nuget\NuGet.Config = .nuget\NuGet.Config
		.nuget\NuGet.exe = .nuget\NuGet.exe
		.nuget\NuGet.targets = .nuget\NuGet.targets
	EndProjectSection
EndProject
Global
	GlobalSection(SolutionConfigurationPlatforms) = preSolution
		Debug|Any CPU = Debug|Any CPU
		Debug|Mixed Platforms = Debug|Mixed Platforms
		Debug|x86 = Debug|x86
		Release|Any CPU = Release|Any CPU
		Release|Mixed Platforms = Release|Mixed Platforms
		Release|x86 = Release|x86
	EndGlobalSection
	GlobalSection(ProjectConfigurationPlatforms) = postSolution
		{D594FE62-7C7E-4B34-817A-4A477819CF99}.Debug|Any CPU.ActiveCfg = Debug|Any CPU
		{D594FE62-7C7E-4B34-817A-4A477819CF99}.Debug|Any CPU.Build.0 = Debug|Any CPU
		{D594FE62-7C7E-4B34-817A-4A477819CF99}.Debug|Mixed Platforms.ActiveCfg = Debug|Any CPU
		{D594FE62-7C7E-4B34-817A-4A477819CF99}.Debug|Mixed Platforms.Build.0 = Debug|Any CPU
		{D594FE62-7C7E-4B34-817A-4A477819CF99}.Debug|x86.ActiveCfg = Debug|Any CPU
		{D594FE62-7C7E-4B34-817A-4A477819CF99}.Release|Any CPU.ActiveCfg = Release|Any CPU
		{D594FE62-7C7E-4B34-817A-4A477819CF99}.Release|Any CPU.Build.0 = Release|Any CPU
		{D594FE62-7C7E-4B34-817A-4A477819CF99}.Release|Mixed Platforms.ActiveCfg = Release|Any CPU
		{D594FE62-7C7E-4B34-817A-4A477819CF99}.Release|Mixed Platforms.Build.0 = Release|Any CPU
		{D594FE62-7C7E-4B34-817A-4A477819CF99}.Release|x86.ActiveCfg = Release|Any CPU
		{A0420760-E637-438D-A781-357151845735}.Debug|Any CPU.ActiveCfg = Debug|Any CPU
		{A0420760-E637-438D-A781-357151845735}.Debug|Any CPU.Build.0 = Debug|Any CPU
		{A0420760-E637-438D-A781-357151845735}.Debug|Mixed Platforms.ActiveCfg = Debug|Any CPU
		{A0420760-E637-438D-A781-357151845735}.Debug|Mixed Platforms.Build.0 = Debug|Any CPU
		{A0420760-E637-438D-A781-357151845735}.Debug|x86.ActiveCfg = Debug|Any CPU
		{A0420760-E637-438D-A781-357151845735}.Release|Any CPU.ActiveCfg = Release|Any CPU
		{A0420760-E637-438D-A781-357151845735}.Release|Any CPU.Build.0 = Release|Any CPU
		{A0420760-E637-438D-A781-357151845735}.Release|Mixed Platforms.ActiveCfg = Release|Any CPU
		{A0420760-E637-438D-A781-357151845735}.Release|Mixed Platforms.Build.0 = Release|Any CPU
		{A0420760-E637-438D-A781-357151845735}.Release|x86.ActiveCfg = Release|Any CPU
	EndGlobalSection
	GlobalSection(SolutionProperties) = preSolution
		HideSolutionNode = FALSE
	EndGlobalSection
EndGlobal
