
Microsoft Visual Studio Solution File, Format Version 12.00
# Visual Studio 2012
Project("{FAE04EC0-301F-11D3-BF4B-00C04F79EFBC}") = "LightBus", "LightBus\LightBus.csproj", "{D594FE62-7C7E-4B34-817A-4A477819CF99}"
EndProject
Project("{FAE04EC0-301F-11D3-BF4B-00C04F79EFBC}") = "LightBus.Tests", "LightBus.Tests\LightBus.Tests.csproj", "{A0420760-E637-438D-A781-357151845735}"
EndProject
Project("{2150E333-8FDC-42A3-9474-1A3956D46DE8}") = ".nuget", ".nuget", "{B3C6181E-59CC-4A8E-B1BC-0E14B67829D2}"
	ProjectSection(SolutionItems) = preProject
		.nuget\NuGet.Config = .nuget\NuGet.Config
		.nuget\NuGet.exe = .nuget\NuGet.exe
		.nuget\NuGet.targets = .nuget\NuGet.targets
	EndProjectSection
EndProject
Project("{FAE04EC0-301F-11D3-BF4B-00C04F79EFBC}") = "LightBus.LightInject", "LightBus.LightInject\LightBus.LightInject.csproj", "{A9B3ED58-2D55-4C74-85A4-C275D6EE9303}"
EndProject
Project("{FAE04EC0-301F-11D3-BF4B-00C04F79EFBC}") = "LightBus.LightInject.Tests", "LightBus.LightInject.Tests\LightBus.LightInject.Tests.csproj", "{C374C84D-66A8-4C65-8CD5-E4E1AE26BC4A}"
EndProject
Global
	GlobalSection(SolutionConfigurationPlatforms) = preSolution
		Debug|Any CPU = Debug|Any CPU
		Debug|Mixed Platforms = Debug|Mixed Platforms
		Debug|x86 = Debug|x86
		Release|Any CPU = Release|Any CPU
		Release|Mixed Platforms = Release|Mixed Platforms
		Release|x86 = Release|x86
	EndGlobalSection
	GlobalSection(ProjectConfigurationPlatforms) = postSolution
		{D594FE62-7C7E-4B34-817A-4A477819CF99}.Debug|Any CPU.ActiveCfg = Debug|Any CPU
		{D594FE62-7C7E-4B34-817A-4A477819CF99}.Debug|Any CPU.Build.0 = Debug|Any CPU
		{D594FE62-7C7E-4B34-817A-4A477819CF99}.Debug|Mixed Platforms.ActiveCfg = Debug|Any CPU
		{D594FE62-7C7E-4B34-817A-4A477819CF99}.Debug|Mixed Platforms.Build.0 = Debug|Any CPU
		{D594FE62-7C7E-4B34-817A-4A477819CF99}.Debug|x86.ActiveCfg = Debug|Any CPU
		{D594FE62-7C7E-4B34-817A-4A477819CF99}.Release|Any CPU.ActiveCfg = Release|Any CPU
		{D594FE62-7C7E-4B34-817A-4A477819CF99}.Release|Any CPU.Build.0 = Release|Any CPU
		{D594FE62-7C7E-4B34-817A-4A477819CF99}.Release|Mixed Platforms.ActiveCfg = Release|Any CPU
		{D594FE62-7C7E-4B34-817A-4A477819CF99}.Release|Mixed Platforms.Build.0 = Release|Any CPU
		{D594FE62-7C7E-4B34-817A-4A477819CF99}.Release|x86.ActiveCfg = Release|Any CPU
		{A0420760-E637-438D-A781-357151845735}.Debug|Any CPU.ActiveCfg = Debug|Any CPU
		{A0420760-E637-438D-A781-357151845735}.Debug|Any CPU.Build.0 = Debug|Any CPU
		{A0420760-E637-438D-A781-357151845735}.Debug|Mixed Platforms.ActiveCfg = Debug|Any CPU
		{A0420760-E637-438D-A781-357151845735}.Debug|Mixed Platforms.Build.0 = Debug|Any CPU
		{A0420760-E637-438D-A781-357151845735}.Debug|x86.ActiveCfg = Debug|Any CPU
		{A0420760-E637-438D-A781-357151845735}.Release|Any CPU.ActiveCfg = Release|Any CPU
		{A0420760-E637-438D-A781-357151845735}.Release|Any CPU.Build.0 = Release|Any CPU
		{A0420760-E637-438D-A781-357151845735}.Release|Mixed Platforms.ActiveCfg = Release|Any CPU
		{A0420760-E637-438D-A781-357151845735}.Release|Mixed Platforms.Build.0 = Release|Any CPU
		{A0420760-E637-438D-A781-357151845735}.Release|x86.ActiveCfg = Release|Any CPU
		{A9B3ED58-2D55-4C74-85A4-C275D6EE9303}.Debug|Any CPU.ActiveCfg = Debug|Any CPU
		{A9B3ED58-2D55-4C74-85A4-C275D6EE9303}.Debug|Any CPU.Build.0 = Debug|Any CPU
		{A9B3ED58-2D55-4C74-85A4-C275D6EE9303}.Debug|Mixed Platforms.ActiveCfg = Debug|Any CPU
		{A9B3ED58-2D55-4C74-85A4-C275D6EE9303}.Debug|Mixed Platforms.Build.0 = Debug|Any CPU
		{A9B3ED58-2D55-4C74-85A4-C275D6EE9303}.Debug|x86.ActiveCfg = Debug|Any CPU
		{A9B3ED58-2D55-4C74-85A4-C275D6EE9303}.Release|Any CPU.ActiveCfg = Release|Any CPU
		{A9B3ED58-2D55-4C74-85A4-C275D6EE9303}.Release|Any CPU.Build.0 = Release|Any CPU
		{A9B3ED58-2D55-4C74-85A4-C275D6EE9303}.Release|Mixed Platforms.ActiveCfg = Release|Any CPU
		{A9B3ED58-2D55-4C74-85A4-C275D6EE9303}.Release|Mixed Platforms.Build.0 = Release|Any CPU
		{A9B3ED58-2D55-4C74-85A4-C275D6EE9303}.Release|x86.ActiveCfg = Release|Any CPU
		{C374C84D-66A8-4C65-8CD5-E4E1AE26BC4A}.Debug|Any CPU.ActiveCfg = Debug|Any CPU
		{C374C84D-66A8-4C65-8CD5-E4E1AE26BC4A}.Debug|Any CPU.Build.0 = Debug|Any CPU
		{C374C84D-66A8-4C65-8CD5-E4E1AE26BC4A}.Debug|Mixed Platforms.ActiveCfg = Debug|Any CPU
		{C374C84D-66A8-4C65-8CD5-E4E1AE26BC4A}.Debug|Mixed Platforms.Build.0 = Debug|Any CPU
		{C374C84D-66A8-4C65-8CD5-E4E1AE26BC4A}.Debug|x86.ActiveCfg = Debug|Any CPU
		{C374C84D-66A8-4C65-8CD5-E4E1AE26BC4A}.Release|Any CPU.ActiveCfg = Release|Any CPU
		{C374C84D-66A8-4C65-8CD5-E4E1AE26BC4A}.Release|Any CPU.Build.0 = Release|Any CPU
		{C374C84D-66A8-4C65-8CD5-E4E1AE26BC4A}.Release|Mixed Platforms.ActiveCfg = Release|Any CPU
		{C374C84D-66A8-4C65-8CD5-E4E1AE26BC4A}.Release|Mixed Platforms.Build.0 = Release|Any CPU
		{C374C84D-66A8-4C65-8CD5-E4E1AE26BC4A}.Release|x86.ActiveCfg = Release|Any CPU
	EndGlobalSection
	GlobalSection(SolutionProperties) = preSolution
		HideSolutionNode = FALSE
	EndGlobalSection
EndGlobal
